// !$*UTF8*$!
{
	archiveVersion = 1;
	classes = {
	};
	objectVersion = 77;
	objects = {

/* Begin PBXContainerItemProxy section */
		77D4779D2D82443200AEB5AC /* PBXContainerItemProxy */ = {
			isa = PBXContainerItemProxy;
			containerPortal = 77D477842D82443000AEB5AC /* Project object */;
			proxyType = 1;
			remoteGlobalIDString = 77D4778B2D82443000AEB5AC;
			remoteInfo = PokemonMVVMR;
		};
		77D477A72D82443200AEB5AC /* PBXContainerItemProxy */ = {
			isa = PBXContainerItemProxy;
			containerPortal = 77D477842D82443000AEB5AC /* Project object */;
			proxyType = 1;
			remoteGlobalIDString = 77D4778B2D82443000AEB5AC;
			remoteInfo = PokemonMVVMR;
		};
/* End PBXContainerItemProxy section */

/* Begin PBXFileReference section */
		77D4778C2D82443000AEB5AC /* PokemonMVVMR.app */ = {isa = PBXFileReference; explicitFileType = wrapper.application; includeInIndex = 0; path = PokemonMVVMR.app; sourceTree = BUILT_PRODUCTS_DIR; };
		77D4779C2D82443200AEB5AC /* PokemonMVVMRTests.xctest */ = {isa = PBXFileReference; explicitFileType = wrapper.cfbundle; includeInIndex = 0; path = PokemonMVVMRTests.xctest; sourceTree = BUILT_PRODUCTS_DIR; };
		77D477A62D82443200AEB5AC /* PokemonMVVMRUITests.xctest */ = {isa = PBXFileReference; explicitFileType = wrapper.cfbundle; includeInIndex = 0; path = PokemonMVVMRUITests.xctest; sourceTree = BUILT_PRODUCTS_DIR; };
/* End PBXFileReference section */

/* Begin PBXFileSystemSynchronizedRootGroup section */
		77D4778E2D82443000AEB5AC /* PokemonMVVMR */ = {
			isa = PBXFileSystemSynchronizedRootGroup;
			path = PokemonMVVMR;
			sourceTree = "<group>";
		};
		77D4779F2D82443200AEB5AC /* PokemonMVVMRTests */ = {
			isa = PBXFileSystemSynchronizedRootGroup;
			path = PokemonMVVMRTests;
			sourceTree = "<group>";
		};
		77D477A92D82443200AEB5AC /* PokemonMVVMRUITests */ = {
			isa = PBXFileSystemSynchronizedRootGroup;
			path = PokemonMVVMRUITests;
			sourceTree = "<group>";
		};
/* End PBXFileSystemSynchronizedRootGroup section */

/* Begin PBXFrameworksBuildPhase section */
		77D477892D82443000AEB5AC /* Frameworks */ = {
			isa = PBXFrameworksBuildPhase;
			buildActionMask = 2147483647;
			files = (
			);
			runOnlyForDeploymentPostprocessing = 0;
		};
		77D477992D82443200AEB5AC /* Frameworks */ = {
			isa = PBXFrameworksBuildPhase;
			buildActionMask = 2147483647;
			files = (
			);
			runOnlyForDeploymentPostprocessing = 0;
		};
		77D477A32D82443200AEB5AC /* Frameworks */ = {
			isa = PBXFrameworksBuildPhase;
			buildActionMask = 2147483647;
			files = (
			);
			runOnlyForDeploymentPostprocessing = 0;
		};
/* End PBXFrameworksBuildPhase section */

/* Begin PBXGroup section */
		77D477832D82443000AEB5AC = {
			isa = PBXGroup;
			children = (
				77D4778E2D82443000AEB5AC /* PokemonMVVMR */,
				77D4779F2D82443200AEB5AC /* PokemonMVVMRTests */,
				77D477A92D82443200AEB5AC /* PokemonMVVMRUITests */,
				77D4778D2D82443000AEB5AC /* Products */,
			);
			sourceTree = "<group>";
		};
		77D4778D2D82443000AEB5AC /* Products */ = {
			isa = PBXGroup;
			children = (
				77D4778C2D82443000AEB5AC /* PokemonMVVMR.app */,
				77D4779C2D82443200AEB5AC /* PokemonMVVMRTests.xctest */,
				77D477A62D82443200AEB5AC /* PokemonMVVMRUITests.xctest */,
			);
			name = Products;
			sourceTree = "<group>";
		};
/* End PBXGroup section */

/* Begin PBXNativeTarget section */
		77D4778B2D82443000AEB5AC /* PokemonMVVMR */ = {
			isa = PBXNativeTarget;
			buildConfigurationList = 77D477B02D82443200AEB5AC /* Build configuration list for PBXNativeTarget "PokemonMVVMR" */;
			buildPhases = (
				77D477882D82443000AEB5AC /* Sources */,
				77D477892D82443000AEB5AC /* Frameworks */,
				77D4778A2D82443000AEB5AC /* Resources */,
			);
			buildRules = (
			);
			dependencies = (
			);
			fileSystemSynchronizedGroups = (
				77D4778E2D82443000AEB5AC /* PokemonMVVMR */,
			);
			name = PokemonMVVMR;
			packageProductDependencies = (
			);
			productName = PokemonMVVMR;
			productReference = 77D4778C2D82443000AEB5AC /* PokemonMVVMR.app */;
			productType = "com.apple.product-type.application";
		};
		77D4779B2D82443200AEB5AC /* PokemonMVVMRTests */ = {
			isa = PBXNativeTarget;
			buildConfigurationList = 77D477B32D82443200AEB5AC /* Build configuration list for PBXNativeTarget "PokemonMVVMRTests" */;
			buildPhases = (
				77D477982D82443200AEB5AC /* Sources */,
				77D477992D82443200AEB5AC /* Frameworks */,
				77D4779A2D82443200AEB5AC /* Resources */,
			);
			buildRules = (
			);
			dependencies = (
				77D4779E2D82443200AEB5AC /* PBXTargetDependency */,
			);
			fileSystemSynchronizedGroups = (
				77D4779F2D82443200AEB5AC /* PokemonMVVMRTests */,
			);
			name = PokemonMVVMRTests;
			packageProductDependencies = (
			);
			productName = PokemonMVVMRTests;
			productReference = 77D4779C2D82443200AEB5AC /* PokemonMVVMRTests.xctest */;
			productType = "com.apple.product-type.bundle.unit-test";
		};
		77D477A52D82443200AEB5AC /* PokemonMVVMRUITests */ = {
			isa = PBXNativeTarget;
			buildConfigurationList = 77D477B62D82443200AEB5AC /* Build configuration list for PBXNativeTarget "PokemonMVVMRUITests" */;
			buildPhases = (
				77D477A22D82443200AEB5AC /* Sources */,
				77D477A32D82443200AEB5AC /* Frameworks */,
				77D477A42D82443200AEB5AC /* Resources */,
			);
			buildRules = (
			);
			dependencies = (
				77D477A82D82443200AEB5AC /* PBXTargetDependency */,
			);
			fileSystemSynchronizedGroups = (
				77D477A92D82443200AEB5AC /* PokemonMVVMRUITests */,
			);
			name = PokemonMVVMRUITests;
			packageProductDependencies = (
			);
			productName = PokemonMVVMRUITests;
			productReference = 77D477A62D82443200AEB5AC /* PokemonMVVMRUITests.xctest */;
			productType = "com.apple.product-type.bundle.ui-testing";
		};
/* End PBXNativeTarget section */

/* Begin PBXProject section */
		77D477842D82443000AEB5AC /* Project object */ = {
			isa = PBXProject;
			attributes = {
				BuildIndependentTargetsInParallel = 1;
				LastSwiftUpdateCheck = 1620;
				LastUpgradeCheck = 1620;
				TargetAttributes = {
					77D4778B2D82443000AEB5AC = {
						CreatedOnToolsVersion = 16.2;
					};
					77D4779B2D82443200AEB5AC = {
						CreatedOnToolsVersion = 16.2;
						TestTargetID = 77D4778B2D82443000AEB5AC;
					};
					77D477A52D82443200AEB5AC = {
						CreatedOnToolsVersion = 16.2;
						TestTargetID = 77D4778B2D82443000AEB5AC;
					};
				};
			};
			buildConfigurationList = 77D477872D82443000AEB5AC /* Build configuration list for PBXProject "PokemonMVVMR" */;
			developmentRegion = en;
			hasScannedForEncodings = 0;
			knownRegions = (
				en,
				Base,
			);
			mainGroup = 77D477832D82443000AEB5AC;
			minimizedProjectReferenceProxies = 1;
			preferredProjectObjectVersion = 77;
			productRefGroup = 77D4778D2D82443000AEB5AC /* Products */;
			projectDirPath = "";
			projectRoot = "";
			targets = (
				77D4778B2D82443000AEB5AC /* PokemonMVVMR */,
				77D4779B2D82443200AEB5AC /* PokemonMVVMRTests */,
				77D477A52D82443200AEB5AC /* PokemonMVVMRUITests */,
			);
		};
/* End PBXProject section */

/* Begin PBXResourcesBuildPhase section */
		77D4778A2D82443000AEB5AC /* Resources */ = {
			isa = PBXResourcesBuildPhase;
			buildActionMask = 2147483647;
			files = (
			);
			runOnlyForDeploymentPostprocessing = 0;
		};
		77D4779A2D82443200AEB5AC /* Resources */ = {
			isa = PBXResourcesBuildPhase;
			buildActionMask = 2147483647;
			files = (
			);
			runOnlyForDeploymentPostprocessing = 0;
		};
		77D477A42D82443200AEB5AC /* Resources */ = {
			isa = PBXResourcesBuildPhase;
			buildActionMask = 2147483647;
			files = (
			);
			runOnlyForDeploymentPostprocessing = 0;
		};
/* End PBXResourcesBuildPhase section */

/* Begin PBXSourcesBuildPhase section */
		77D477882D82443000AEB5AC /* Sources */ = {
			isa = PBXSourcesBuildPhase;
			buildActionMask = 2147483647;
			files = (
			);
			runOnlyForDeploymentPostprocessing = 0;
		};
		77D477982D82443200AEB5AC /* Sources */ = {
			isa = PBXSourcesBuildPhase;
			buildActionMask = 2147483647;
			files = (
			);
			runOnlyForDeploymentPostprocessing = 0;
		};
		77D477A22D82443200AEB5AC /* Sources */ = {
			isa = PBXSourcesBuildPhase;
			buildActionMask = 2147483647;
			files = (
			);
			runOnlyForDeploymentPostprocessing = 0;
		};
/* End PBXSourcesBuildPhase section */

/* Begin PBXTargetDependency section */
		77D4779E2D82443200AEB5AC /* PBXTargetDependency */ = {
			isa = PBXTargetDependency;
			target = 77D4778B2D82443000AEB5AC /* PokemonMVVMR */;
			targetProxy = 77D4779D2D82443200AEB5AC /* PBXContainerItemProxy */;
		};
		77D477A82D82443200AEB5AC /* PBXTargetDependency */ = {
			isa = PBXTargetDependency;
			target = 77D4778B2D82443000AEB5AC /* PokemonMVVMR */;
			targetProxy = 77D477A72D82443200AEB5AC /* PBXContainerItemProxy */;
		};
/* End PBXTargetDependency section */

/* Begin XCBuildConfiguration section */
		77D477AE2D82443200AEB5AC /* Debug */ = {
			isa = XCBuildConfiguration;
			buildSettings = {
				ALWAYS_SEARCH_USER_PATHS = NO;
				ASSETCATALOG_COMPILER_GENERATE_SWIFT_ASSET_SYMBOL_EXTENSIONS = YES;
				CLANG_ANALYZER_NONNULL = YES;
				CLANG_ANALYZER_NUMBER_OBJECT_CONVERSION = YES_AGGRESSIVE;
				CLANG_CXX_LANGUAGE_STANDARD = "gnu++20";
				CLANG_ENABLE_MODULES = YES;
				CLANG_ENABLE_OBJC_ARC = YES;
				CLANG_ENABLE_OBJC_WEAK = YES;
				CLANG_WARN_BLOCK_CAPTURE_AUTORELEASING = YES;
				CLANG_WARN_BOOL_CONVERSION = YES;
				CLANG_WARN_COMMA = YES;
				CLANG_WARN_CONSTANT_CONVERSION = YES;
				CLANG_WARN_DEPRECATED_OBJC_IMPLEMENTATIONS = YES;
				CLANG_WARN_DIRECT_OBJC_ISA_USAGE = YES_ERROR;
				CLANG_WARN_DOCUMENTATION_COMMENTS = YES;
				CLANG_WARN_EMPTY_BODY = YES;
				CLANG_WARN_ENUM_CONVERSION = YES;
				CLANG_WARN_INFINITE_RECURSION = YES;
				CLANG_WARN_INT_CONVERSION = YES;
				CLANG_WARN_NON_LITERAL_NULL_CONVERSION = YES;
				CLANG_WARN_OBJC_IMPLICIT_RETAIN_SELF = YES;
				CLANG_WARN_OBJC_LITERAL_CONVERSION = YES;
				CLANG_WARN_OBJC_ROOT_CLASS = YES_ERROR;
				CLANG_WARN_QUOTED_INCLUDE_IN_FRAMEWORK_HEADER = YES;
				CLANG_WARN_RANGE_LOOP_ANALYSIS = YES;
				CLANG_WARN_STRICT_PROTOTYPES = YES;
				CLANG_WARN_SUSPICIOUS_MOVE = YES;
				CLANG_WARN_UNGUARDED_AVAILABILITY = YES_AGGRESSIVE;
				CLANG_WARN_UNREACHABLE_CODE = YES;
				CLANG_WARN__DUPLICATE_METHOD_MATCH = YES;
				COPY_PHASE_STRIP = NO;
				DEBUG_INFORMATION_FORMAT = dwarf;
				ENABLE_STRICT_OBJC_MSGSEND = YES;
				ENABLE_TESTABILITY = YES;
				ENABLE_USER_SCRIPT_SANDBOXING = YES;
				GCC_C_LANGUAGE_STANDARD = gnu17;
				GCC_DYNAMIC_NO_PIC = NO;
				GCC_NO_COMMON_BLOCKS = YES;
				GCC_OPTIMIZATION_LEVEL = 0;
				GCC_PREPROCESSOR_DEFINITIONS = (
					"DEBUG=1",
					"$(inherited)",
				);
				GCC_WARN_64_TO_32_BIT_CONVERSION = YES;
				GCC_WARN_ABOUT_RETURN_TYPE = YES_ERROR;
				GCC_WARN_UNDECLARED_SELECTOR = YES;
				GCC_WARN_UNINITIALIZED_AUTOS = YES_AGGRESSIVE;
				GCC_WARN_UNUSED_FUNCTION = YES;
				GCC_WARN_UNUSED_VARIABLE = YES;
				IPHONEOS_DEPLOYMENT_TARGET = 18.2;
				LOCALIZATION_PREFERS_STRING_CATALOGS = YES;
				MTL_ENABLE_DEBUG_INFO = INCLUDE_SOURCE;
				MTL_FAST_MATH = YES;
				ONLY_ACTIVE_ARCH = YES;
				SDKROOT = iphoneos;
				SWIFT_ACTIVE_COMPILATION_CONDITIONS = "DEBUG $(inherited)";
				SWIFT_OPTIMIZATION_LEVEL = "-Onone";
			};
			name = Debug;
		};
		77D477AF2D82443200AEB5AC /* Release */ = {
			isa = XCBuildConfiguration;
			buildSettings = {
				ALWAYS_SEARCH_USER_PATHS = NO;
				ASSETCATALOG_COMPILER_GENERATE_SWIFT_ASSET_SYMBOL_EXTENSIONS = YES;
				CLANG_ANALYZER_NONNULL = YES;
				CLANG_ANALYZER_NUMBER_OBJECT_CONVERSION = YES_AGGRESSIVE;
				CLANG_CXX_LANGUAGE_STANDARD = "gnu++20";
				CLANG_ENABLE_MODULES = YES;
				CLANG_ENABLE_OBJC_ARC = YES;
				CLANG_ENABLE_OBJC_WEAK = YES;
				CLANG_WARN_BLOCK_CAPTURE_AUTORELEASING = YES;
				CLANG_WARN_BOOL_CONVERSION = YES;
				CLANG_WARN_COMMA = YES;
				CLANG_WARN_CONSTANT_CONVERSION = YES;
				CLANG_WARN_DEPRECATED_OBJC_IMPLEMENTATIONS = YES;
				CLANG_WARN_DIRECT_OBJC_ISA_USAGE = YES_ERROR;
				CLANG_WARN_DOCUMENTATION_COMMENTS = YES;
				CLANG_WARN_EMPTY_BODY = YES;
				CLANG_WARN_ENUM_CONVERSION = YES;
				CLANG_WARN_INFINITE_RECURSION = YES;
				CLANG_WARN_INT_CONVERSION = YES;
				CLANG_WARN_NON_LITERAL_NULL_CONVERSION = YES;
				CLANG_WARN_OBJC_IMPLICIT_RETAIN_SELF = YES;
				CLANG_WARN_OBJC_LITERAL_CONVERSION = YES;
				CLANG_WARN_OBJC_ROOT_CLASS = YES_ERROR;
				CLANG_WARN_QUOTED_INCLUDE_IN_FRAMEWORK_HEADER = YES;
				CLANG_WARN_RANGE_LOOP_ANALYSIS = YES;
				CLANG_WARN_STRICT_PROTOTYPES = YES;
				CLANG_WARN_SUSPICIOUS_MOVE = YES;
				CLANG_WARN_UNGUARDED_AVAILABILITY = YES_AGGRESSIVE;
				CLANG_WARN_UNREACHABLE_CODE = YES;
				CLANG_WARN__DUPLICATE_METHOD_MATCH = YES;
				COPY_PHASE_STRIP = NO;
				DEBUG_INFORMATION_FORMAT = "dwarf-with-dsym";
				ENABLE_NS_ASSERTIONS = NO;
				ENABLE_STRICT_OBJC_MSGSEND = YES;
				ENABLE_USER_SCRIPT_SANDBOXING = YES;
				GCC_C_LANGUAGE_STANDARD = gnu17;
				GCC_NO_COMMON_BLOCKS = YES;
				GCC_WARN_64_TO_32_BIT_CONVERSION = YES;
				GCC_WARN_ABOUT_RETURN_TYPE = YES_ERROR;
				GCC_WARN_UNDECLARED_SELECTOR = YES;
				GCC_WARN_UNINITIALIZED_AUTOS = YES_AGGRESSIVE;
				GCC_WARN_UNUSED_FUNCTION = YES;
				GCC_WARN_UNUSED_VARIABLE = YES;
				IPHONEOS_DEPLOYMENT_TARGET = 18.2;
				LOCALIZATION_PREFERS_STRING_CATALOGS = YES;
				MTL_ENABLE_DEBUG_INFO = NO;
				MTL_FAST_MATH = YES;
				SDKROOT = iphoneos;
				SWIFT_COMPILATION_MODE = wholemodule;
				VALIDATE_PRODUCT = YES;
			};
			name = Release;
		};
		77D477B12D82443200AEB5AC /* Debug */ = {
			isa = XCBuildConfiguration;
			buildSettings = {
				ASSETCATALOG_COMPILER_APPICON_NAME = AppIcon;
				ASSETCATALOG_COMPILER_GLOBAL_ACCENT_COLOR_NAME = AccentColor;
				CODE_SIGN_STYLE = Automatic;
				CURRENT_PROJECT_VERSION = 1;
				DEVELOPMENT_ASSET_PATHS = "\"PokemonMVVMR/Preview Content\"";
				ENABLE_PREVIEWS = YES;
				GENERATE_INFOPLIST_FILE = YES;
				INFOPLIST_KEY_UIApplicationSceneManifest_Generation = YES;
				INFOPLIST_KEY_UIApplicationSupportsIndirectInputEvents = YES;
				INFOPLIST_KEY_UILaunchScreen_Generation = YES;
				INFOPLIST_KEY_UISupportedInterfaceOrientations_iPad = "UIInterfaceOrientationPortrait UIInterfaceOrientationPortraitUpsideDown UIInterfaceOrientationLandscapeLeft UIInterfaceOrientationLandscapeRight";
				INFOPLIST_KEY_UISupportedInterfaceOrientations_iPhone = "UIInterfaceOrientationPortrait UIInterfaceOrientationLandscapeLeft UIInterfaceOrientationLandscapeRight";
				LD_RUNPATH_SEARCH_PATHS = (
					"$(inherited)",
					"@executable_path/Frameworks",
				);
				MARKETING_VERSION = 1.0;
				PRODUCT_BUNDLE_IDENTIFIER = com.ios.PokemonMVVMR;
				PRODUCT_NAME = "$(TARGET_NAME)";
				SWIFT_EMIT_LOC_STRINGS = YES;
				SWIFT_VERSION = 5.0;
				TARGETED_DEVICE_FAMILY = "1,2";
			};
			name = Debug;
		};
		77D477B22D82443200AEB5AC /* Release */ = {
			isa = XCBuildConfiguration;
			buildSettings = {
				ASSETCATALOG_COMPILER_APPICON_NAME = AppIcon;
				ASSETCATALOG_COMPILER_GLOBAL_ACCENT_COLOR_NAME = AccentColor;
				CODE_SIGN_STYLE = Automatic;
				CURRENT_PROJECT_VERSION = 1;
				DEVELOPMENT_ASSET_PATHS = "\"PokemonMVVMR/Preview Content\"";
				ENABLE_PREVIEWS = YES;
				GENERATE_INFOPLIST_FILE = YES;
				INFOPLIST_KEY_UIApplicationSceneManifest_Generation = YES;
				INFOPLIST_KEY_UIApplicationSupportsIndirectInputEvents = YES;
				INFOPLIST_KEY_UILaunchScreen_Generation = YES;
				INFOPLIST_KEY_UISupportedInterfaceOrientations_iPad = "UIInterfaceOrientationPortrait UIInterfaceOrientationPortraitUpsideDown UIInterfaceOrientationLandscapeLeft UIInterfaceOrientationLandscapeRight";
				INFOPLIST_KEY_UISupportedInterfaceOrientations_iPhone = "UIInterfaceOrientationPortrait UIInterfaceOrientationLandscapeLeft UIInterfaceOrientationLandscapeRight";
				LD_RUNPATH_SEARCH_PATHS = (
					"$(inherited)",
					"@executable_path/Frameworks",
				);
				MARKETING_VERSION = 1.0;
				PRODUCT_BUNDLE_IDENTIFIER = com.ios.PokemonMVVMR;
				PRODUCT_NAME = "$(TARGET_NAME)";
				SWIFT_EMIT_LOC_STRINGS = YES;
				SWIFT_VERSION = 5.0;
				TARGETED_DEVICE_FAMILY = "1,2";
			};
			name = Release;
		};
		77D477B42D82443200AEB5AC /* Debug */ = {
			isa = XCBuildConfiguration;
			buildSettings = {
				BUNDLE_LOADER = "$(TEST_HOST)";
				CODE_SIGN_STYLE = Automatic;
				CURRENT_PROJECT_VERSION = 1;
				GENERATE_INFOPLIST_FILE = YES;
				IPHONEOS_DEPLOYMENT_TARGET = 18.2;
				MARKETING_VERSION = 1.0;
				PRODUCT_BUNDLE_IDENTIFIER = com.ios.PokemonMVVMRTests;
				PRODUCT_NAME = "$(TARGET_NAME)";
				SWIFT_EMIT_LOC_STRINGS = NO;
				SWIFT_VERSION = 5.0;
				TARGETED_DEVICE_FAMILY = "1,2";
				TEST_HOST = "$(BUILT_PRODUCTS_DIR)/PokemonMVVMR.app/$(BUNDLE_EXECUTABLE_FOLDER_PATH)/PokemonMVVMR";
			};
			name = Debug;
		};
		77D477B52D82443200AEB5AC /* Release */ = {
			isa = XCBuildConfiguration;
			buildSettings = {
				BUNDLE_LOADER = "$(TEST_HOST)";
				CODE_SIGN_STYLE = Automatic;
				CURRENT_PROJECT_VERSION = 1;
				GENERATE_INFOPLIST_FILE = YES;
				IPHONEOS_DEPLOYMENT_TARGET = 18.2;
				MARKETING_VERSION = 1.0;
				PRODUCT_BUNDLE_IDENTIFIER = com.ios.PokemonMVVMRTests;
				PRODUCT_NAME = "$(TARGET_NAME)";
				SWIFT_EMIT_LOC_STRINGS = NO;
				SWIFT_VERSION = 5.0;
				TARGETED_DEVICE_FAMILY = "1,2";
				TEST_HOST = "$(BUILT_PRODUCTS_DIR)/PokemonMVVMR.app/$(BUNDLE_EXECUTABLE_FOLDER_PATH)/PokemonMVVMR";
			};
			name = Release;
		};
		77D477B72D82443200AEB5AC /* Debug */ = {
			isa = XCBuildConfiguration;
			buildSettings = {
				CODE_SIGN_STYLE = Automatic;
				CURRENT_PROJECT_VERSION = 1;
				GENERATE_INFOPLIST_FILE = YES;
				MARKETING_VERSION = 1.0;
				PRODUCT_BUNDLE_IDENTIFIER = com.ios.PokemonMVVMRUITests;
				PRODUCT_NAME = "$(TARGET_NAME)";
				SWIFT_EMIT_LOC_STRINGS = NO;
				SWIFT_VERSION = 5.0;
				TARGETED_DEVICE_FAMILY = "1,2";
				TEST_TARGET_NAME = PokemonMVVMR;
			};
			name = Debug;
		};
		77D477B82D82443200AEB5AC /* Release */ = {
			isa = XCBuildConfiguration;
			buildSettings = {
				CODE_SIGN_STYLE = Automatic;
				CURRENT_PROJECT_VERSION = 1;
				GENERATE_INFOPLIST_FILE = YES;
				MARKETING_VERSION = 1.0;
				PRODUCT_BUNDLE_IDENTIFIER = com.ios.PokemonMVVMRUITests;
				PRODUCT_NAME = "$(TARGET_NAME)";
				SWIFT_EMIT_LOC_STRINGS = NO;
				SWIFT_VERSION = 5.0;
				TARGETED_DEVICE_FAMILY = "1,2";
				TEST_TARGET_NAME = PokemonMVVMR;
			};
			name = Release;
		};
/* End XCBuildConfiguration section */

/* Begin XCConfigurationList section */
		77D477872D82443000AEB5AC /* Build configuration list for PBXProject "PokemonMVVMR" */ = {
			isa = XCConfigurationList;
			buildConfigurations = (
				77D477AE2D82443200AEB5AC /* Debug */,
				77D477AF2D82443200AEB5AC /* Release */,
			);
			defaultConfigurationIsVisible = 0;
			defaultConfigurationName = Release;
		};
		77D477B02D82443200AEB5AC /* Build configuration list for PBXNativeTarget "PokemonMVVMR" */ = {
			isa = XCConfigurationList;
			buildConfigurations = (
				77D477B12D82443200AEB5AC /* Debug */,
				77D477B22D82443200AEB5AC /* Release */,
			);
			defaultConfigurationIsVisible = 0;
			defaultConfigurationName = Release;
		};
		77D477B32D82443200AEB5AC /* Build configuration list for PBXNativeTarget "PokemonMVVMRTests" */ = {
			isa = XCConfigurationList;
			buildConfigurations = (
				77D477B42D82443200AEB5AC /* Debug */,
				77D477B52D82443200AEB5AC /* Release */,
			);
			defaultConfigurationIsVisible = 0;
			defaultConfigurationName = Release;
		};
		77D477B62D82443200AEB5AC /* Build configuration list for PBXNativeTarget "PokemonMVVMRUITests" */ = {
			isa = XCConfigurationList;
			buildConfigurations = (
				77D477B72D82443200AEB5AC /* Debug */,
				77D477B82D82443200AEB5AC /* Release */,
			);
			defaultConfigurationIsVisible = 0;
			defaultConfigurationName = Release;
		};
/* End XCConfigurationList section */
	};
	rootObject = 77D477842D82443000AEB5AC /* Project object */;
}
